
Microsoft Visual Studio Solution File, Format Version 12.00
# Visual Studio Version 16
VisualStudioVersion = 16.0.31129.286
MinimumVisualStudioVersion = 10.0.40219.1
Project("{FAE04EC0-301F-11D3-BF4B-00C04F79EFBC}") = "WpfApp Buying App", "WpfApp Buying App\WpfApp Buying App.csproj", "{86FB2FD3-116A-496A-8A86-77565ECFFACC}"
EndProject
Global
	GlobalSection(SolutionConfigurationPlatforms) = preSolution
		Debug|Any CPU = Debug|Any CPU
		Release|Any CPU = Release|Any CPU
	EndGlobalSection
	GlobalSection(ProjectConfigurationPlatforms) = postSolution
		{86FB2FD3-116A-496A-8A86-77565ECFFACC}.Debug|Any CPU.ActiveCfg = Debug|Any CPU
		{86FB2FD3-116A-496A-8A86-77565ECFFACC}.Debug|Any CPU.Build.0 = Debug|Any CPU
		{86FB2FD3-116A-496A-8A86-77565ECFFACC}.Release|Any CPU.ActiveCfg = Release|Any CPU
		{86FB2FD3-116A-496A-8A86-77565ECFFACC}.Release|Any CPU.Build.0 = Release|Any CPU
	EndGlobalSection
	GlobalSection(SolutionProperties) = preSolution
		HideSolutionNode = FALSE
	EndGlobalSection
	GlobalSection(ExtensibilityGlobals) = postSolution
		SolutionGuid = {1EA1E12F-68FA-4017-8349-926FC6046BBC}
	EndGlobalSection
EndGlobal
